lockfileVersion: '9.0'

settings:
  autoInstallPeers: true
  excludeLinksFromLockfile: false

importers:

  .:
    devDependencies:
      smol-toml:
        specifier: ^1.3.1
        version: 1.3.1

packages:

  smol-toml@1.3.1:
    resolution: {integrity: sha512-tEYNll18pPKHroYSmLLrksq233j021G0giwW7P3D24jC54pQ5W5BXMsQ/Mvw1OJCmEYDgY+lrzT+3nNUtoNfXQ==}
    engines: {node: '>= 18'}

snapshots:

  smol-toml@1.3.1: {}
